// !$*UTF8*$!
{
	archiveVersion = 1;
	classes = {
	};
	objectVersion = 50;
	objects = {

/* Begin PBXBuildFile section */
		8D08725325268FE2000A92C5 /* AccountView.swift in Sources */ = {isa = PBXBuildFile; fileRef = 8D08725225268FE2000A92C5 /* AccountView.swift */; };
		8D0AB21F2524DB1300A3A147 /* ImageLoader.swift in Sources */ = {isa = PBXBuildFile; fileRef = 8D0AB21E2524DB1300A3A147 /* ImageLoader.swift */; };
		8D0AB2222524DDAA00A3A147 /* URLImageView.swift in Sources */ = {isa = PBXBuildFile; fileRef = 8D0AB2212524DDAA00A3A147 /* URLImageView.swift */; };
		8D45225F251F810E00BEB274 /* AppDelegate.swift in Sources */ = {isa = PBXBuildFile; fileRef = 8D45225E251F810E00BEB274 /* AppDelegate.swift */; };
		8D452261251F810E00BEB274 /* SceneDelegate.swift in Sources */ = {isa = PBXBuildFile; fileRef = 8D452260251F810E00BEB274 /* SceneDelegate.swift */; };
		8D452263251F810E00BEB274 /* ContentView.swift in Sources */ = {isa = PBXBuildFile; fileRef = 8D452262251F810E00BEB274 /* ContentView.swift */; };
		8D452265251F810F00BEB274 /* Assets.xcassets in Resources */ = {isa = PBXBuildFile; fileRef = 8D452264251F810F00BEB274 /* Assets.xcassets */; };
		8D452268251F810F00BEB274 /* Preview Assets.xcassets in Resources */ = {isa = PBXBuildFile; fileRef = 8D452267251F810F00BEB274 /* Preview Assets.xcassets */; };
		8D45226B251F810F00BEB274 /* LaunchScreen.storyboard in Resources */ = {isa = PBXBuildFile; fileRef = 8D452269251F810F00BEB274 /* LaunchScreen.storyboard */; };
		8D4C310C2522C627000B16C7 /* HearthStoneCard.swift in Sources */ = {isa = PBXBuildFile; fileRef = 8D4C310B2522C627000B16C7 /* HearthStoneCard.swift */; };
		8D4C310E2522C69C000B16C7 /* HearthStoneCardAPIService.swift in Sources */ = {isa = PBXBuildFile; fileRef = 8D4C310D2522C69C000B16C7 /* HearthStoneCardAPIService.swift */; };
		8D4C31102522C925000B16C7 /* SearchTextFieldView.swift in Sources */ = {isa = PBXBuildFile; fileRef = 8D4C310F2522C925000B16C7 /* SearchTextFieldView.swift */; };
		8D4C31122522CA6B000B16C7 /* HeaderView.swift in Sources */ = {isa = PBXBuildFile; fileRef = 8D4C31112522CA6B000B16C7 /* HeaderView.swift */; };
		8D4C31142522CBCF000B16C7 /* CategoriesButtonView.swift in Sources */ = {isa = PBXBuildFile; fileRef = 8D4C31132522CBCF000B16C7 /* CategoriesButtonView.swift */; };
		8D4C311625243D39000B16C7 /* GridCellView.swift in Sources */ = {isa = PBXBuildFile; fileRef = 8D4C311525243D39000B16C7 /* GridCellView.swift */; };
		8D4C31182524439C000B16C7 /* GridView.swift in Sources */ = {isa = PBXBuildFile; fileRef = 8D4C31172524439C000B16C7 /* GridView.swift */; };
		8DE29EE1252446E5008A344F /* CategoriesView.swift in Sources */ = {isa = PBXBuildFile; fileRef = 8DE29EE0252446E5008A344F /* CategoriesView.swift */; };
		8DE29EE325244C88008A344F /* NavigationBarItemView.swift in Sources */ = {isa = PBXBuildFile; fileRef = 8DE29EE225244C88008A344F /* NavigationBarItemView.swift */; };
		8DE29EE52526A7F3008A344F /* SideMenuVIew.swift in Sources */ = {isa = PBXBuildFile; fileRef = 8DE29EE42526A7F3008A344F /* SideMenuVIew.swift */; };
/* End PBXBuildFile section */

/* Begin PBXFileReference section */
		8D08725225268FE2000A92C5 /* AccountView.swift */ = {isa = PBXFileReference; lastKnownFileType = sourcecode.swift; path = AccountView.swift; sourceTree = "<group>"; };
		8D0AB21E2524DB1300A3A147 /* ImageLoader.swift */ = {isa = PBXFileReference; lastKnownFileType = sourcecode.swift; path = ImageLoader.swift; sourceTree = "<group>"; };
		8D0AB2212524DDAA00A3A147 /* URLImageView.swift */ = {isa = PBXFileReference; lastKnownFileType = sourcecode.swift; path = URLImageView.swift; sourceTree = "<group>"; };
		8D45225B251F810E00BEB274 /* HearthStoneCards.app */ = {isa = PBXFileReference; explicitFileType = wrapper.application; includeInIndex = 0; path = HearthStoneCards.app; sourceTree = BUILT_PRODUCTS_DIR; };
		8D45225E251F810E00BEB274 /* AppDelegate.swift */ = {isa = PBXFileReference; lastKnownFileType = sourcecode.swift; path = AppDelegate.swift; sourceTree = "<group>"; };
		8D452260251F810E00BEB274 /* SceneDelegate.swift */ = {isa = PBXFileReference; lastKnownFileType = sourcecode.swift; path = SceneDelegate.swift; sourceTree = "<group>"; };
		8D452262251F810E00BEB274 /* ContentView.swift */ = {isa = PBXFileReference; lastKnownFileType = sourcecode.swift; path = ContentView.swift; sourceTree = "<group>"; };
		8D452264251F810F00BEB274 /* Assets.xcassets */ = {isa = PBXFileReference; lastKnownFileType = folder.assetcatalog; path = Assets.xcassets; sourceTree = "<group>"; };
		8D452267251F810F00BEB274 /* Preview Assets.xcassets */ = {isa = PBXFileReference; lastKnownFileType = folder.assetcatalog; path = "Preview Assets.xcassets"; sourceTree = "<group>"; };
		8D45226A251F810F00BEB274 /* Base */ = {isa = PBXFileReference; lastKnownFileType = file.storyboard; name = Base; path = Base.lproj/LaunchScreen.storyboard; sourceTree = "<group>"; };
		8D45226C251F810F00BEB274 /* Info.plist */ = {isa = PBXFileReference; lastKnownFileType = text.plist.xml; path = Info.plist; sourceTree = "<group>"; };
		8D4C310B2522C627000B16C7 /* HearthStoneCard.swift */ = {isa = PBXFileReference; lastKnownFileType = sourcecode.swift; path = HearthStoneCard.swift; sourceTree = "<group>"; };
		8D4C310D2522C69C000B16C7 /* HearthStoneCardAPIService.swift */ = {isa = PBXFileReference; lastKnownFileType = sourcecode.swift; path = HearthStoneCardAPIService.swift; sourceTree = "<group>"; };
		8D4C310F2522C925000B16C7 /* SearchTextFieldView.swift */ = {isa = PBXFileReference; lastKnownFileType = sourcecode.swift; path = SearchTextFieldView.swift; sourceTree = "<group>"; };
		8D4C31112522CA6B000B16C7 /* HeaderView.swift */ = {isa = PBXFileReference; lastKnownFileType = sourcecode.swift; path = HeaderView.swift; sourceTree = "<group>"; };
		8D4C31132522CBCF000B16C7 /* CategoriesButtonView.swift */ = {isa = PBXFileReference; lastKnownFileType = sourcecode.swift; path = CategoriesButtonView.swift; sourceTree = "<group>"; };
		8D4C311525243D39000B16C7 /* GridCellView.swift */ = {isa = PBXFileReference; lastKnownFileType = sourcecode.swift; path = GridCellView.swift; sourceTree = "<group>"; };
		8D4C31172524439C000B16C7 /* GridView.swift */ = {isa = PBXFileReference; lastKnownFileType = sourcecode.swift; path = GridView.swift; sourceTree = "<group>"; };
		8DE29EE0252446E5008A344F /* CategoriesView.swift */ = {isa = PBXFileReference; lastKnownFileType = sourcecode.swift; path = CategoriesView.swift; sourceTree = "<group>"; };
		8DE29EE225244C88008A344F /* NavigationBarItemView.swift */ = {isa = PBXFileReference; lastKnownFileType = sourcecode.swift; path = NavigationBarItemView.swift; sourceTree = "<group>"; };
		8DE29EE42526A7F3008A344F /* SideMenuVIew.swift */ = {isa = PBXFileReference; lastKnownFileType = sourcecode.swift; path = SideMenuVIew.swift; sourceTree = "<group>"; };
/* End PBXFileReference section */

/* Begin PBXFrameworksBuildPhase section */
		8D452258251F810E00BEB274 /* Frameworks */ = {
			isa = PBXFrameworksBuildPhase;
			buildActionMask = 2147483647;
			files = (
			);
			runOnlyForDeploymentPostprocessing = 0;
		};
/* End PBXFrameworksBuildPhase section */

/* Begin PBXGroup section */
		8D3052F4251F9652005FA1D7 /* Services */ = {
			isa = PBXGroup;
			children = (
				8D4C310D2522C69C000B16C7 /* HearthStoneCardAPIService.swift */,
				8D0AB21E2524DB1300A3A147 /* ImageLoader.swift */,
			);
			path = Services;
			sourceTree = "<group>";
		};
		8D452252251F810E00BEB274 = {
			isa = PBXGroup;
			children = (
				8D45225D251F810E00BEB274 /* HearthStoneCards */,
				8D45225C251F810E00BEB274 /* Products */,
			);
			sourceTree = "<group>";
		};
		8D45225C251F810E00BEB274 /* Products */ = {
			isa = PBXGroup;
			children = (
				8D45225B251F810E00BEB274 /* HearthStoneCards.app */,
			);
			name = Products;
			sourceTree = "<group>";
		};
		8D45225D251F810E00BEB274 /* HearthStoneCards */ = {
			isa = PBXGroup;
			children = (
				8D3052F4251F9652005FA1D7 /* Services */,
				8D452273251F81C000BEB274 /* Views */,
				8D452272251F81B700BEB274 /* Model */,
				8D45225E251F810E00BEB274 /* AppDelegate.swift */,
				8D452260251F810E00BEB274 /* SceneDelegate.swift */,
				8D452262251F810E00BEB274 /* ContentView.swift */,
				8D452264251F810F00BEB274 /* Assets.xcassets */,
				8D452269251F810F00BEB274 /* LaunchScreen.storyboard */,
				8D45226C251F810F00BEB274 /* Info.plist */,
				8D452266251F810F00BEB274 /* Preview Content */,
			);
			path = HearthStoneCards;
			sourceTree = "<group>";
		};
		8D452266251F810F00BEB274 /* Preview Content */ = {
			isa = PBXGroup;
			children = (
				8D452267251F810F00BEB274 /* Preview Assets.xcassets */,
			);
			path = "Preview Content";
			sourceTree = "<group>";
		};
		8D452272251F81B700BEB274 /* Model */ = {
			isa = PBXGroup;
			children = (
				8D4C310B2522C627000B16C7 /* HearthStoneCard.swift */,
			);
			path = Model;
			sourceTree = "<group>";
		};
		8D452273251F81C000BEB274 /* Views */ = {
			isa = PBXGroup;
			children = (
				8D4C310F2522C925000B16C7 /* SearchTextFieldView.swift */,
				8D4C31112522CA6B000B16C7 /* HeaderView.swift */,
				8D4C31132522CBCF000B16C7 /* CategoriesButtonView.swift */,
				8D4C311525243D39000B16C7 /* GridCellView.swift */,
				8D4C31172524439C000B16C7 /* GridView.swift */,
				8DE29EE0252446E5008A344F /* CategoriesView.swift */,
				8DE29EE225244C88008A344F /* NavigationBarItemView.swift */,
				8D0AB2212524DDAA00A3A147 /* URLImageView.swift */,
				8D08725225268FE2000A92C5 /* AccountView.swift */,
				8DE29EE42526A7F3008A344F /* SideMenuVIew.swift */,
			);
			path = Views;
			sourceTree = "<group>";
		};
/* End PBXGroup section */

/* Begin PBXNativeTarget section */
		8D45225A251F810E00BEB274 /* HearthStoneCards */ = {
			isa = PBXNativeTarget;
			buildConfigurationList = 8D45226F251F810F00BEB274 /* Build configuration list for PBXNativeTarget "HearthStoneCards" */;
			buildPhases = (
				8D452257251F810E00BEB274 /* Sources */,
				8D452258251F810E00BEB274 /* Frameworks */,
				8D452259251F810E00BEB274 /* Resources */,
			);
			buildRules = (
			);
			dependencies = (
			);
			name = HearthStoneCards;
			productName = HearthStoneCards;
			productReference = 8D45225B251F810E00BEB274 /* HearthStoneCards.app */;
			productType = "com.apple.product-type.application";
		};
/* End PBXNativeTarget section */

/* Begin PBXProject section */
		8D452253251F810E00BEB274 /* Project object */ = {
			isa = PBXProject;
			attributes = {
				LastSwiftUpdateCheck = 1170;
				LastUpgradeCheck = 1200;
				ORGANIZATIONNAME = ethancr0wn;
				TargetAttributes = {
					8D45225A251F810E00BEB274 = {
						CreatedOnToolsVersion = 11.7;
					};
				};
			};
			buildConfigurationList = 8D452256251F810E00BEB274 /* Build configuration list for PBXProject "HearthStoneCards" */;
			compatibilityVersion = "Xcode 9.3";
			developmentRegion = en;
			hasScannedForEncodings = 0;
			knownRegions = (
				en,
				Base,
			);
			mainGroup = 8D452252251F810E00BEB274;
			productRefGroup = 8D45225C251F810E00BEB274 /* Products */;
			projectDirPath = "";
			projectRoot = "";
			targets = (
				8D45225A251F810E00BEB274 /* HearthStoneCards */,
			);
		};
/* End PBXProject section */

/* Begin PBXResourcesBuildPhase section */
		8D452259251F810E00BEB274 /* Resources */ = {
			isa = PBXResourcesBuildPhase;
			buildActionMask = 2147483647;
			files = (
				8D45226B251F810F00BEB274 /* LaunchScreen.storyboard in Resources */,
				8D452268251F810F00BEB274 /* Preview Assets.xcassets in Resources */,
				8D452265251F810F00BEB274 /* Assets.xcassets in Resources */,
			);
			runOnlyForDeploymentPostprocessing = 0;
		};
/* End PBXResourcesBuildPhase section */

/* Begin PBXSourcesBuildPhase section */
		8D452257251F810E00BEB274 /* Sources */ = {
			isa = PBXSourcesBuildPhase;
			buildActionMask = 2147483647;
			files = (
				8D0AB2222524DDAA00A3A147 /* URLImageView.swift in Sources */,
				8D4C311625243D39000B16C7 /* GridCellView.swift in Sources */,
				8DE29EE52526A7F3008A344F /* SideMenuVIew.swift in Sources */,
				8D45225F251F810E00BEB274 /* AppDelegate.swift in Sources */,
				8D4C310E2522C69C000B16C7 /* HearthStoneCardAPIService.swift in Sources */,
				8D4C31142522CBCF000B16C7 /* CategoriesButtonView.swift in Sources */,
				8D4C31102522C925000B16C7 /* SearchTextFieldView.swift in Sources */,
				8DE29EE325244C88008A344F /* NavigationBarItemView.swift in Sources */,
				8D452261251F810E00BEB274 /* SceneDelegate.swift in Sources */,
				8D452263251F810E00BEB274 /* ContentView.swift in Sources */,
				8D08725325268FE2000A92C5 /* AccountView.swift in Sources */,
				8D4C310C2522C627000B16C7 /* HearthStoneCard.swift in Sources */,
				8DE29EE1252446E5008A344F /* CategoriesView.swift in Sources */,
				8D4C31182524439C000B16C7 /* GridView.swift in Sources */,
				8D4C31122522CA6B000B16C7 /* HeaderView.swift in Sources */,
				8D0AB21F2524DB1300A3A147 /* ImageLoader.swift in Sources */,
			);
			runOnlyForDeploymentPostprocessing = 0;
		};
/* End PBXSourcesBuildPhase section */

/* Begin PBXVariantGroup section */
		8D452269251F810F00BEB274 /* LaunchScreen.storyboard */ = {
			isa = PBXVariantGroup;
			children = (
				8D45226A251F810F00BEB274 /* Base */,
			);
			name = LaunchScreen.storyboard;
			sourceTree = "<group>";
		};
/* End PBXVariantGroup section */

/* Begin XCBuildConfiguration section */
		8D45226D251F810F00BEB274 /* Debug */ = {
			isa = XCBuildConfiguration;
			buildSettings = {
				ALWAYS_SEARCH_USER_PATHS = NO;
				CLANG_ANALYZER_NONNULL = YES;
				CLANG_ANALYZER_NUMBER_OBJECT_CONVERSION = YES_AGGRESSIVE;
				CLANG_CXX_LANGUAGE_STANDARD = "gnu++14";
				CLANG_CXX_LIBRARY = "libc++";
				CLANG_ENABLE_MODULES = YES;
				CLANG_ENABLE_OBJC_ARC = YES;
				CLANG_ENABLE_OBJC_WEAK = YES;
				CLANG_WARN_BLOCK_CAPTURE_AUTORELEASING = YES;
				CLANG_WARN_BOOL_CONVERSION = YES;
				CLANG_WARN_COMMA = YES;
				CLANG_WARN_CONSTANT_CONVERSION = YES;
				CLANG_WARN_DEPRECATED_OBJC_IMPLEMENTATIONS = YES;
				CLANG_WARN_DIRECT_OBJC_ISA_USAGE = YES_ERROR;
				CLANG_WARN_DOCUMENTATION_COMMENTS = YES;
				CLANG_WARN_EMPTY_BODY = YES;
				CLANG_WARN_ENUM_CONVERSION = YES;
				CLANG_WARN_INFINITE_RECURSION = YES;
				CLANG_WARN_INT_CONVERSION = YES;
				CLANG_WARN_NON_LITERAL_NULL_CONVERSION = YES;
				CLANG_WARN_OBJC_IMPLICIT_RETAIN_SELF = YES;
				CLANG_WARN_OBJC_LITERAL_CONVERSION = YES;
				CLANG_WARN_OBJC_ROOT_CLASS = YES_ERROR;
				CLANG_WARN_QUOTED_INCLUDE_IN_FRAMEWORK_HEADER = YES;
				CLANG_WARN_RANGE_LOOP_ANALYSIS = YES;
				CLANG_WARN_STRICT_PROTOTYPES = YES;
				CLANG_WARN_SUSPICIOUS_MOVE = YES;
				CLANG_WARN_UNGUARDED_AVAILABILITY = YES_AGGRESSIVE;
				CLANG_WARN_UNREACHABLE_CODE = YES;
				CLANG_WARN__DUPLICATE_METHOD_MATCH = YES;
				COPY_PHASE_STRIP = NO;
				DEBUG_INFORMATION_FORMAT = dwarf;
				ENABLE_STRICT_OBJC_MSGSEND = YES;
				ENABLE_TESTABILITY = YES;
				GCC_C_LANGUAGE_STANDARD = gnu11;
				GCC_DYNAMIC_NO_PIC = NO;
				GCC_NO_COMMON_BLOCKS = YES;
				GCC_OPTIMIZATION_LEVEL = 0;
				GCC_PREPROCESSOR_DEFINITIONS = (
					"DEBUG=1",
					"$(inherited)",
				);
				GCC_WARN_64_TO_32_BIT_CONVERSION = YES;
				GCC_WARN_ABOUT_RETURN_TYPE = YES_ERROR;
				GCC_WARN_UNDECLARED_SELECTOR = YES;
				GCC_WARN_UNINITIALIZED_AUTOS = YES_AGGRESSIVE;
				GCC_WARN_UNUSED_FUNCTION = YES;
				GCC_WARN_UNUSED_VARIABLE = YES;
				IPHONEOS_DEPLOYMENT_TARGET = 14.0;
				MTL_ENABLE_DEBUG_INFO = INCLUDE_SOURCE;
				MTL_FAST_MATH = YES;
				ONLY_ACTIVE_ARCH = YES;
				SDKROOT = iphoneos;
				SWIFT_ACTIVE_COMPILATION_CONDITIONS = DEBUG;
				SWIFT_OPTIMIZATION_LEVEL = "-Onone";
			};
			name = Debug;
		};
		8D45226E251F810F00BEB274 /* Release */ = {
			isa = XCBuildConfiguration;
			buildSettings = {
				ALWAYS_SEARCH_USER_PATHS = NO;
				CLANG_ANALYZER_NONNULL = YES;
				CLANG_ANALYZER_NUMBER_OBJECT_CONVERSION = YES_AGGRESSIVE;
				CLANG_CXX_LANGUAGE_STANDARD = "gnu++14";
				CLANG_CXX_LIBRARY = "libc++";
				CLANG_ENABLE_MODULES = YES;
				CLANG_ENABLE_OBJC_ARC = YES;
				CLANG_ENABLE_OBJC_WEAK = YES;
				CLANG_WARN_BLOCK_CAPTURE_AUTORELEASING = YES;
				CLANG_WARN_BOOL_CONVERSION = YES;
				CLANG_WARN_COMMA = YES;
				CLANG_WARN_CONSTANT_CONVERSION = YES;
				CLANG_WARN_DEPRECATED_OBJC_IMPLEMENTATIONS = YES;
				CLANG_WARN_DIRECT_OBJC_ISA_USAGE = YES_ERROR;
				CLANG_WARN_DOCUMENTATION_COMMENTS = YES;
				CLANG_WARN_EMPTY_BODY = YES;
				CLANG_WARN_ENUM_CONVERSION = YES;
				CLANG_WARN_INFINITE_RECURSION = YES;
				CLANG_WARN_INT_CONVERSION = YES;
				CLANG_WARN_NON_LITERAL_NULL_CONVERSION = YES;
				CLANG_WARN_OBJC_IMPLICIT_RETAIN_SELF = YES;
				CLANG_WARN_OBJC_LITERAL_CONVERSION = YES;
				CLANG_WARN_OBJC_ROOT_CLASS = YES_ERROR;
				CLANG_WARN_QUOTED_INCLUDE_IN_FRAMEWORK_HEADER = YES;
				CLANG_WARN_RANGE_LOOP_ANALYSIS = YES;
				CLANG_WARN_STRICT_PROTOTYPES = YES;
				CLANG_WARN_SUSPICIOUS_MOVE = YES;
				CLANG_WARN_UNGUARDED_AVAILABILITY = YES_AGGRESSIVE;
				CLANG_WARN_UNREACHABLE_CODE = YES;
				CLANG_WARN__DUPLICATE_METHOD_MATCH = YES;
				COPY_PHASE_STRIP = NO;
				DEBUG_INFORMATION_FORMAT = "dwarf-with-dsym";
				ENABLE_NS_ASSERTIONS = NO;
				ENABLE_STRICT_OBJC_MSGSEND = YES;
				GCC_C_LANGUAGE_STANDARD = gnu11;
				GCC_NO_COMMON_BLOCKS = YES;
				GCC_WARN_64_TO_32_BIT_CONVERSION = YES;
				GCC_WARN_ABOUT_RETURN_TYPE = YES_ERROR;
				GCC_WARN_UNDECLARED_SELECTOR = YES;
				GCC_WARN_UNINITIALIZED_AUTOS = YES_AGGRESSIVE;
				GCC_WARN_UNUSED_FUNCTION = YES;
				GCC_WARN_UNUSED_VARIABLE = YES;
				IPHONEOS_DEPLOYMENT_TARGET = 14.0;
				MTL_ENABLE_DEBUG_INFO = NO;
				MTL_FAST_MATH = YES;
				SDKROOT = iphoneos;
				SWIFT_COMPILATION_MODE = wholemodule;
				SWIFT_OPTIMIZATION_LEVEL = "-O";
				VALIDATE_PRODUCT = YES;
			};
			name = Release;
		};
		8D452270251F810F00BEB274 /* Debug */ = {
			isa = XCBuildConfiguration;
			buildSettings = {
				ASSETCATALOG_COMPILER_APPICON_NAME = AppIcon;
				CODE_SIGN_STYLE = Automatic;
				DEVELOPMENT_ASSET_PATHS = "\"HearthStoneCards/Preview Content\"";
				DEVELOPMENT_TEAM = NRX9TBQYUM;
				ENABLE_PREVIEWS = YES;
				INFOPLIST_FILE = HearthStoneCards/Info.plist;
				IPHONEOS_DEPLOYMENT_TARGET = 14.0;
				LD_RUNPATH_SEARCH_PATHS = (
					"$(inherited)",
					"@executable_path/Frameworks",
				);
				PRODUCT_BUNDLE_IDENTIFIER = com.ethancr0wn.HearthStoneCards;
				PRODUCT_NAME = "$(TARGET_NAME)";
				SWIFT_VERSION = 5.0;
				TARGETED_DEVICE_FAMILY = "1,2";
			};
			name = Debug;
		};
		8D452271251F810F00BEB274 /* Release */ = {
			isa = XCBuildConfiguration;
			buildSettings = {
				ASSETCATALOG_COMPILER_APPICON_NAME = AppIcon;
				CODE_SIGN_STYLE = Automatic;
				DEVELOPMENT_ASSET_PATHS = "\"HearthStoneCards/Preview Content\"";
				DEVELOPMENT_TEAM = NRX9TBQYUM;
				ENABLE_PREVIEWS = YES;
				INFOPLIST_FILE = HearthStoneCards/Info.plist;
				IPHONEOS_DEPLOYMENT_TARGET = 14.0;
				LD_RUNPATH_SEARCH_PATHS = (
					"$(inherited)",
					"@executable_path/Frameworks",
				);
				PRODUCT_BUNDLE_IDENTIFIER = com.ethancr0wn.HearthStoneCards;
				PRODUCT_NAME = "$(TARGET_NAME)";
				SWIFT_VERSION = 5.0;
				TARGETED_DEVICE_FAMILY = "1,2";
			};
			name = Release;
		};
/* End XCBuildConfiguration section */

/* Begin XCConfigurationList section */
		8D452256251F810E00BEB274 /* Build configuration list for PBXProject "HearthStoneCards" */ = {
			isa = XCConfigurationList;
			buildConfigurations = (
				8D45226D251F810F00BEB274 /* Debug */,
				8D45226E251F810F00BEB274 /* Release */,
			);
			defaultConfigurationIsVisible = 0;
			defaultConfigurationName = Release;
		};
		8D45226F251F810F00BEB274 /* Build configuration list for PBXNativeTarget "HearthStoneCards" */ = {
			isa = XCConfigurationList;
			buildConfigurations = (
				8D452270251F810F00BEB274 /* Debug */,
				8D452271251F810F00BEB274 /* Release */,
			);
			defaultConfigurationIsVisible = 0;
			defaultConfigurationName = Release;
		};
/* End XCConfigurationList section */
	};
	rootObject = 8D452253251F810E00BEB274 /* Project object */;
}
